// !$*UTF8*$!
{
	archiveVersion = 1;
	classes = {
	};
	objectVersion = 56;
	objects = {

/* Begin PBXBuildFile section */
		225E34282B1AE9140051F5FC /* HomePage.swift in Sources */ = {isa = PBXBuildFile; fileRef = 225E34272B1AE9140051F5FC /* HomePage.swift */; };
		225E34292B1AE9140051F5FC /* HomePage.swift in Sources */ = {isa = PBXBuildFile; fileRef = 225E34272B1AE9140051F5FC /* HomePage.swift */; };
		2287EDBB2B1774F900315216 /* CountDownDateApp.swift in Sources */ = {isa = PBXBuildFile; fileRef = 2287EDBA2B1774F900315216 /* CountDownDateApp.swift */; };
		2287EDBD2B1774F900315216 /* ContentView.swift in Sources */ = {isa = PBXBuildFile; fileRef = 2287EDBC2B1774F900315216 /* ContentView.swift */; };
		2287EDBF2B1774FA00315216 /* Assets.xcassets in Resources */ = {isa = PBXBuildFile; fileRef = 2287EDBE2B1774FA00315216 /* Assets.xcassets */; };
		2287EDC22B1774FA00315216 /* Preview Assets.xcassets in Resources */ = {isa = PBXBuildFile; fileRef = 2287EDC12B1774FA00315216 /* Preview Assets.xcassets */; };
		2287EDCC2B1774FA00315216 /* CountDownDateTests.swift in Sources */ = {isa = PBXBuildFile; fileRef = 2287EDCB2B1774FA00315216 /* CountDownDateTests.swift */; };
		2287EDD62B1774FA00315216 /* CountDownDateUITests.swift in Sources */ = {isa = PBXBuildFile; fileRef = 2287EDD52B1774FA00315216 /* CountDownDateUITests.swift */; };
		2287EDD82B1774FA00315216 /* CountDownDateUITestsLaunchTests.swift in Sources */ = {isa = PBXBuildFile; fileRef = 2287EDD72B1774FA00315216 /* CountDownDateUITestsLaunchTests.swift */; };
		2287EDEB2B17752500315216 /* WidgetKit.framework in Frameworks */ = {isa = PBXBuildFile; fileRef = 2287EDEA2B17752500315216 /* WidgetKit.framework */; };
		2287EDED2B17752500315216 /* SwiftUI.framework in Frameworks */ = {isa = PBXBuildFile; fileRef = 2287EDEC2B17752500315216 /* SwiftUI.framework */; };
		2287EDF02B17752500315216 /* CountDownDateWidgetBundle.swift in Sources */ = {isa = PBXBuildFile; fileRef = 2287EDEF2B17752500315216 /* CountDownDateWidgetBundle.swift */; };
		2287EDF22B17752500315216 /* CountDownDateWidget.swift in Sources */ = {isa = PBXBuildFile; fileRef = 2287EDF12B17752500315216 /* CountDownDateWidget.swift */; };
		2287EDF42B17752600315216 /* Assets.xcassets in Resources */ = {isa = PBXBuildFile; fileRef = 2287EDF32B17752600315216 /* Assets.xcassets */; };
		2287EDF82B17752600315216 /* CountDownDateWidgetExtension.appex in Embed Foundation Extensions */ = {isa = PBXBuildFile; fileRef = 2287EDE82B17752500315216 /* CountDownDateWidgetExtension.appex */; settings = {ATTRIBUTES = (RemoveHeadersOnCopy, ); }; };
		22C5F75A2B1E02EB000F0E37 /* WidgetKit.framework in Frameworks */ = {isa = PBXBuildFile; fileRef = 2287EDEA2B17752500315216 /* WidgetKit.framework */; };
		22C5F75B2B1E02EB000F0E37 /* SwiftUI.framework in Frameworks */ = {isa = PBXBuildFile; fileRef = 2287EDEC2B17752500315216 /* SwiftUI.framework */; };
		22C5F75E2B1E02EB000F0E37 /* CountDownDateCustomizeWidgetBundle.swift in Sources */ = {isa = PBXBuildFile; fileRef = 22C5F75D2B1E02EB000F0E37 /* CountDownDateCustomizeWidgetBundle.swift */; };
		22C5F7602B1E02EB000F0E37 /* CountDownDateCustomizeWidget.swift in Sources */ = {isa = PBXBuildFile; fileRef = 22C5F75F2B1E02EB000F0E37 /* CountDownDateCustomizeWidget.swift */; };
		22C5F7622B1E02EC000F0E37 /* Assets.xcassets in Resources */ = {isa = PBXBuildFile; fileRef = 22C5F7612B1E02EC000F0E37 /* Assets.xcassets */; };
		22C5F7662B1E02EC000F0E37 /* CountDownDateCustomizeWidgetExtension.appex in Embed Foundation Extensions */ = {isa = PBXBuildFile; fileRef = 22C5F7592B1E02EB000F0E37 /* CountDownDateCustomizeWidgetExtension.appex */; settings = {ATTRIBUTES = (RemoveHeadersOnCopy, ); }; };
		22CFEECE2B1C79EF008B7949 /* CountDownBarView.swift in Sources */ = {isa = PBXBuildFile; fileRef = 22CFEECD2B1C79EF008B7949 /* CountDownBarView.swift */; };
		22CFEECF2B1C79EF008B7949 /* CountDownBarView.swift in Sources */ = {isa = PBXBuildFile; fileRef = 22CFEECD2B1C79EF008B7949 /* CountDownBarView.swift */; };
/* End PBXBuildFile section */

/* Begin PBXContainerItemProxy section */
		2287EDC82B1774FA00315216 /* PBXContainerItemProxy */ = {
			isa = PBXContainerItemProxy;
			containerPortal = 2287EDAF2B1774F900315216 /* Project object */;
			proxyType = 1;
			remoteGlobalIDString = 2287EDB62B1774F900315216;
			remoteInfo = CountDownDate;
		};
		2287EDD22B1774FA00315216 /* PBXContainerItemProxy */ = {
			isa = PBXContainerItemProxy;
			containerPortal = 2287EDAF2B1774F900315216 /* Project object */;
			proxyType = 1;
			remoteGlobalIDString = 2287EDB62B1774F900315216;
			remoteInfo = CountDownDate;
		};
		2287EDF62B17752600315216 /* PBXContainerItemProxy */ = {
			isa = PBXContainerItemProxy;
			containerPortal = 2287EDAF2B1774F900315216 /* Project object */;
			proxyType = 1;
			remoteGlobalIDString = 2287EDE72B17752500315216;
			remoteInfo = CountDownDateWidgetExtension;
		};
		22C5F7642B1E02EC000F0E37 /* PBXContainerItemProxy */ = {
			isa = PBXContainerItemProxy;
			containerPortal = 2287EDAF2B1774F900315216 /* Project object */;
			proxyType = 1;
			remoteGlobalIDString = 22C5F7582B1E02EB000F0E37;
			remoteInfo = CountDownDateCustomizeWidgetExtension;
		};
/* End PBXContainerItemProxy section */

/* Begin PBXCopyFilesBuildPhase section */
		2287EDFC2B17752600315216 /* Embed Foundation Extensions */ = {
			isa = PBXCopyFilesBuildPhase;
			buildActionMask = 2147483647;
			dstPath = "";
			dstSubfolderSpec = 13;
			files = (
				22C5F7662B1E02EC000F0E37 /* CountDownDateCustomizeWidgetExtension.appex in Embed Foundation Extensions */,
				2287EDF82B17752600315216 /* CountDownDateWidgetExtension.appex in Embed Foundation Extensions */,
			);
			name = "Embed Foundation Extensions";
			runOnlyForDeploymentPostprocessing = 0;
		};
/* End PBXCopyFilesBuildPhase section */

/* Begin PBXFileReference section */
		225E34272B1AE9140051F5FC /* HomePage.swift */ = {isa = PBXFileReference; lastKnownFileType = sourcecode.swift; path = HomePage.swift; sourceTree = "<group>"; };
		2263D1042B20C6DF0012548D /* Info.plist */ = {isa = PBXFileReference; lastKnownFileType = text.plist; path = Info.plist; sourceTree = "<group>"; };
		2287EDB72B1774F900315216 /* CountDownDate.app */ = {isa = PBXFileReference; explicitFileType = wrapper.application; includeInIndex = 0; path = CountDownDate.app; sourceTree = BUILT_PRODUCTS_DIR; };
		2287EDBA2B1774F900315216 /* CountDownDateApp.swift */ = {isa = PBXFileReference; lastKnownFileType = sourcecode.swift; path = CountDownDateApp.swift; sourceTree = "<group>"; };
		2287EDBC2B1774F900315216 /* ContentView.swift */ = {isa = PBXFileReference; lastKnownFileType = sourcecode.swift; path = ContentView.swift; sourceTree = "<group>"; };
		2287EDBE2B1774FA00315216 /* Assets.xcassets */ = {isa = PBXFileReference; lastKnownFileType = folder.assetcatalog; path = Assets.xcassets; sourceTree = "<group>"; };
		2287EDC12B1774FA00315216 /* Preview Assets.xcassets */ = {isa = PBXFileReference; lastKnownFileType = folder.assetcatalog; path = "Preview Assets.xcassets"; sourceTree = "<group>"; };
		2287EDC72B1774FA00315216 /* CountDownDateTests.xctest */ = {isa = PBXFileReference; explicitFileType = wrapper.cfbundle; includeInIndex = 0; path = CountDownDateTests.xctest; sourceTree = BUILT_PRODUCTS_DIR; };
		2287EDCB2B1774FA00315216 /* CountDownDateTests.swift */ = {isa = PBXFileReference; lastKnownFileType = sourcecode.swift; path = CountDownDateTests.swift; sourceTree = "<group>"; };
		2287EDD12B1774FA00315216 /* CountDownDateUITests.xctest */ = {isa = PBXFileReference; explicitFileType = wrapper.cfbundle; includeInIndex = 0; path = CountDownDateUITests.xctest; sourceTree = BUILT_PRODUCTS_DIR; };
		2287EDD52B1774FA00315216 /* CountDownDateUITests.swift */ = {isa = PBXFileReference; lastKnownFileType = sourcecode.swift; path = CountDownDateUITests.swift; sourceTree = "<group>"; };
		2287EDD72B1774FA00315216 /* CountDownDateUITestsLaunchTests.swift */ = {isa = PBXFileReference; lastKnownFileType = sourcecode.swift; path = CountDownDateUITestsLaunchTests.swift; sourceTree = "<group>"; };
		2287EDE82B17752500315216 /* CountDownDateWidgetExtension.appex */ = {isa = PBXFileReference; explicitFileType = "wrapper.app-extension"; includeInIndex = 0; path = CountDownDateWidgetExtension.appex; sourceTree = BUILT_PRODUCTS_DIR; };
		2287EDEA2B17752500315216 /* WidgetKit.framework */ = {isa = PBXFileReference; lastKnownFileType = wrapper.framework; name = WidgetKit.framework; path = System/Library/Frameworks/WidgetKit.framework; sourceTree = SDKROOT; };
		2287EDEC2B17752500315216 /* SwiftUI.framework */ = {isa = PBXFileReference; lastKnownFileType = wrapper.framework; name = SwiftUI.framework; path = System/Library/Frameworks/SwiftUI.framework; sourceTree = SDKROOT; };
		2287EDEF2B17752500315216 /* CountDownDateWidgetBundle.swift */ = {isa = PBXFileReference; lastKnownFileType = sourcecode.swift; path = CountDownDateWidgetBundle.swift; sourceTree = "<group>"; };
		2287EDF12B17752500315216 /* CountDownDateWidget.swift */ = {isa = PBXFileReference; lastKnownFileType = sourcecode.swift; path = CountDownDateWidget.swift; sourceTree = "<group>"; };
		2287EDF32B17752600315216 /* Assets.xcassets */ = {isa = PBXFileReference; lastKnownFileType = folder.assetcatalog; path = Assets.xcassets; sourceTree = "<group>"; };
		2287EDF52B17752600315216 /* Info.plist */ = {isa = PBXFileReference; lastKnownFileType = text.plist.xml; path = Info.plist; sourceTree = "<group>"; };
		22C5F7592B1E02EB000F0E37 /* CountDownDateCustomizeWidgetExtension.appex */ = {isa = PBXFileReference; explicitFileType = "wrapper.app-extension"; includeInIndex = 0; path = CountDownDateCustomizeWidgetExtension.appex; sourceTree = BUILT_PRODUCTS_DIR; };
		22C5F75D2B1E02EB000F0E37 /* CountDownDateCustomizeWidgetBundle.swift */ = {isa = PBXFileReference; lastKnownFileType = sourcecode.swift; path = CountDownDateCustomizeWidgetBundle.swift; sourceTree = "<group>"; };
		22C5F75F2B1E02EB000F0E37 /* CountDownDateCustomizeWidget.swift */ = {isa = PBXFileReference; lastKnownFileType = sourcecode.swift; path = CountDownDateCustomizeWidget.swift; sourceTree = "<group>"; };
		22C5F7612B1E02EC000F0E37 /* Assets.xcassets */ = {isa = PBXFileReference; lastKnownFileType = folder.assetcatalog; path = Assets.xcassets; sourceTree = "<group>"; };
		22C5F7632B1E02EC000F0E37 /* Info.plist */ = {isa = PBXFileReference; lastKnownFileType = text.plist.xml; path = Info.plist; sourceTree = "<group>"; };
		22C5F76A2B1E068E000F0E37 /* CountDownDateCustomizeWidgetExtension.entitlements */ = {isa = PBXFileReference; lastKnownFileType = text.plist.entitlements; path = CountDownDateCustomizeWidgetExtension.entitlements; sourceTree = "<group>"; };
		22CFEECD2B1C79EF008B7949 /* CountDownBarView.swift */ = {isa = PBXFileReference; lastKnownFileType = sourcecode.swift; path = CountDownBarView.swift; sourceTree = "<group>"; };
		22CFEED02B1C7CE7008B7949 /* CountDownDateWidgetExtension.entitlements */ = {isa = PBXFileReference; lastKnownFileType = text.plist.entitlements; path = CountDownDateWidgetExtension.entitlements; sourceTree = "<group>"; };
		22CFEED12B1C7D15008B7949 /* CountDownDate.entitlements */ = {isa = PBXFileReference; lastKnownFileType = text.plist.entitlements; path = CountDownDate.entitlements; sourceTree = "<group>"; };
/* End PBXFileReference section */

/* Begin PBXFrameworksBuildPhase section */
		2287EDB42B1774F900315216 /* Frameworks */ = {
			isa = PBXFrameworksBuildPhase;
			buildActionMask = 2147483647;
			files = (
			);
			runOnlyForDeploymentPostprocessing = 0;
		};
		2287EDC42B1774FA00315216 /* Frameworks */ = {
			isa = PBXFrameworksBuildPhase;
			buildActionMask = 2147483647;
			files = (
			);
			runOnlyForDeploymentPostprocessing = 0;
		};
		2287EDCE2B1774FA00315216 /* Frameworks */ = {
			isa = PBXFrameworksBuildPhase;
			buildActionMask = 2147483647;
			files = (
			);
			runOnlyForDeploymentPostprocessing = 0;
		};
		2287EDE52B17752500315216 /* Frameworks */ = {
			isa = PBXFrameworksBuildPhase;
			buildActionMask = 2147483647;
			files = (
				2287EDED2B17752500315216 /* SwiftUI.framework in Frameworks */,
				2287EDEB2B17752500315216 /* WidgetKit.framework in Frameworks */,
			);
			runOnlyForDeploymentPostprocessing = 0;
		};
		22C5F7562B1E02EB000F0E37 /* Frameworks */ = {
			isa = PBXFrameworksBuildPhase;
			buildActionMask = 2147483647;
			files = (
				22C5F75B2B1E02EB000F0E37 /* SwiftUI.framework in Frameworks */,
				22C5F75A2B1E02EB000F0E37 /* WidgetKit.framework in Frameworks */,
			);
			runOnlyForDeploymentPostprocessing = 0;
		};
/* End PBXFrameworksBuildPhase section */

/* Begin PBXGroup section */
		2287EDAE2B1774F900315216 = {
			isa = PBXGroup;
			children = (
				22C5F76A2B1E068E000F0E37 /* CountDownDateCustomizeWidgetExtension.entitlements */,
				22CFEED02B1C7CE7008B7949 /* CountDownDateWidgetExtension.entitlements */,
				2287EDB92B1774F900315216 /* CountDownDate */,
				2287EDCA2B1774FA00315216 /* CountDownDateTests */,
				2287EDD42B1774FA00315216 /* CountDownDateUITests */,
				2287EDEE2B17752500315216 /* CountDownDateWidget */,
				22C5F75C2B1E02EB000F0E37 /* CountDownDateCustomizeWidget */,
				2287EDE92B17752500315216 /* Frameworks */,
				2287EDB82B1774F900315216 /* Products */,
			);
			sourceTree = "<group>";
		};
		2287EDB82B1774F900315216 /* Products */ = {
			isa = PBXGroup;
			children = (
				2287EDB72B1774F900315216 /* CountDownDate.app */,
				2287EDC72B1774FA00315216 /* CountDownDateTests.xctest */,
				2287EDD12B1774FA00315216 /* CountDownDateUITests.xctest */,
				2287EDE82B17752500315216 /* CountDownDateWidgetExtension.appex */,
				22C5F7592B1E02EB000F0E37 /* CountDownDateCustomizeWidgetExtension.appex */,
			);
			name = Products;
			sourceTree = "<group>";
		};
		2287EDB92B1774F900315216 /* CountDownDate */ = {
			isa = PBXGroup;
			children = (
				2263D1042B20C6DF0012548D /* Info.plist */,
				22CFEED12B1C7D15008B7949 /* CountDownDate.entitlements */,
				2287EDBA2B1774F900315216 /* CountDownDateApp.swift */,
				2287EDBC2B1774F900315216 /* ContentView.swift */,
				225E34272B1AE9140051F5FC /* HomePage.swift */,
				2287EDBE2B1774FA00315216 /* Assets.xcassets */,
				2287EDC02B1774FA00315216 /* Preview Content */,
			);
			path = CountDownDate;
			sourceTree = "<group>";
		};
		2287EDC02B1774FA00315216 /* Preview Content */ = {
			isa = PBXGroup;
			children = (
				2287EDC12B1774FA00315216 /* Preview Assets.xcassets */,
			);
			path = "Preview Content";
			sourceTree = "<group>";
		};
		2287EDCA2B1774FA00315216 /* CountDownDateTests */ = {
			isa = PBXGroup;
			children = (
				2287EDCB2B1774FA00315216 /* CountDownDateTests.swift */,
			);
			path = CountDownDateTests;
			sourceTree = "<group>";
		};
		2287EDD42B1774FA00315216 /* CountDownDateUITests */ = {
			isa = PBXGroup;
			children = (
				2287EDD52B1774FA00315216 /* CountDownDateUITests.swift */,
				2287EDD72B1774FA00315216 /* CountDownDateUITestsLaunchTests.swift */,
			);
			path = CountDownDateUITests;
			sourceTree = "<group>";
		};
		2287EDE92B17752500315216 /* Frameworks */ = {
			isa = PBXGroup;
			children = (
				2287EDEA2B17752500315216 /* WidgetKit.framework */,
				2287EDEC2B17752500315216 /* SwiftUI.framework */,
			);
			name = Frameworks;
			sourceTree = "<group>";
		};
		2287EDEE2B17752500315216 /* CountDownDateWidget */ = {
			isa = PBXGroup;
			children = (
				2287EDEF2B17752500315216 /* CountDownDateWidgetBundle.swift */,
				2287EDF12B17752500315216 /* CountDownDateWidget.swift */,
				22CFEECD2B1C79EF008B7949 /* CountDownBarView.swift */,
				2287EDF32B17752600315216 /* Assets.xcassets */,
				2287EDF52B17752600315216 /* Info.plist */,
			);
			path = CountDownDateWidget;
			sourceTree = "<group>";
		};
		22C5F75C2B1E02EB000F0E37 /* CountDownDateCustomizeWidget */ = {
			isa = PBXGroup;
			children = (
				22C5F75D2B1E02EB000F0E37 /* CountDownDateCustomizeWidgetBundle.swift */,
				22C5F75F2B1E02EB000F0E37 /* CountDownDateCustomizeWidget.swift */,
				22C5F7612B1E02EC000F0E37 /* Assets.xcassets */,
				22C5F7632B1E02EC000F0E37 /* Info.plist */,
			);
			path = CountDownDateCustomizeWidget;
			sourceTree = "<group>";
		};
/* End PBXGroup section */

/* Begin PBXNativeTarget section */
		2287EDB62B1774F900315216 /* CountDownDate */ = {
			isa = PBXNativeTarget;
			buildConfigurationList = 2287EDDB2B1774FA00315216 /* Build configuration list for PBXNativeTarget "CountDownDate" */;
			buildPhases = (
				2287EDB32B1774F900315216 /* Sources */,
				2287EDB42B1774F900315216 /* Frameworks */,
				2287EDB52B1774F900315216 /* Resources */,
				2287EDFC2B17752600315216 /* Embed Foundation Extensions */,
			);
			buildRules = (
			);
			dependencies = (
				2287EDF72B17752600315216 /* PBXTargetDependency */,
				22C5F7652B1E02EC000F0E37 /* PBXTargetDependency */,
			);
			name = CountDownDate;
			productName = CountDownDate;
			productReference = 2287EDB72B1774F900315216 /* CountDownDate.app */;
			productType = "com.apple.product-type.application";
		};
		2287EDC62B1774FA00315216 /* CountDownDateTests */ = {
			isa = PBXNativeTarget;
			buildConfigurationList = 2287EDDE2B1774FA00315216 /* Build configuration list for PBXNativeTarget "CountDownDateTests" */;
			buildPhases = (
				2287EDC32B1774FA00315216 /* Sources */,
				2287EDC42B1774FA00315216 /* Frameworks */,
				2287EDC52B1774FA00315216 /* Resources */,
			);
			buildRules = (
			);
			dependencies = (
				2287EDC92B1774FA00315216 /* PBXTargetDependency */,
			);
			name = CountDownDateTests;
			productName = CountDownDateTests;
			productReference = 2287EDC72B1774FA00315216 /* CountDownDateTests.xctest */;
			productType = "com.apple.product-type.bundle.unit-test";
		};
		2287EDD02B1774FA00315216 /* CountDownDateUITests */ = {
			isa = PBXNativeTarget;
			buildConfigurationList = 2287EDE12B1774FA00315216 /* Build configuration list for PBXNativeTarget "CountDownDateUITests" */;
			buildPhases = (
				2287EDCD2B1774FA00315216 /* Sources */,
				2287EDCE2B1774FA00315216 /* Frameworks */,
				2287EDCF2B1774FA00315216 /* Resources */,
			);
			buildRules = (
			);
			dependencies = (
				2287EDD32B1774FA00315216 /* PBXTargetDependency */,
			);
			name = CountDownDateUITests;
			productName = CountDownDateUITests;
			productReference = 2287EDD12B1774FA00315216 /* CountDownDateUITests.xctest */;
			productType = "com.apple.product-type.bundle.ui-testing";
		};
		2287EDE72B17752500315216 /* CountDownDateWidgetExtension */ = {
			isa = PBXNativeTarget;
			buildConfigurationList = 2287EDF92B17752600315216 /* Build configuration list for PBXNativeTarget "CountDownDateWidgetExtension" */;
			buildPhases = (
				2287EDE42B17752500315216 /* Sources */,
				2287EDE52B17752500315216 /* Frameworks */,
				2287EDE62B17752500315216 /* Resources */,
			);
			buildRules = (
			);
			dependencies = (
			);
			name = CountDownDateWidgetExtension;
			productName = CountDownDateWidgetExtension;
			productReference = 2287EDE82B17752500315216 /* CountDownDateWidgetExtension.appex */;
			productType = "com.apple.product-type.app-extension";
		};
		22C5F7582B1E02EB000F0E37 /* CountDownDateCustomizeWidgetExtension */ = {
			isa = PBXNativeTarget;
			buildConfigurationList = 22C5F7672B1E02EC000F0E37 /* Build configuration list for PBXNativeTarget "CountDownDateCustomizeWidgetExtension" */;
			buildPhases = (
				22C5F7552B1E02EB000F0E37 /* Sources */,
				22C5F7562B1E02EB000F0E37 /* Frameworks */,
				22C5F7572B1E02EB000F0E37 /* Resources */,
			);
			buildRules = (
			);
			dependencies = (
			);
			name = CountDownDateCustomizeWidgetExtension;
			productName = CountDownDateCustomizeWidgetExtension;
			productReference = 22C5F7592B1E02EB000F0E37 /* CountDownDateCustomizeWidgetExtension.appex */;
			productType = "com.apple.product-type.app-extension";
		};
/* End PBXNativeTarget section */

/* Begin PBXProject section */
		2287EDAF2B1774F900315216 /* Project object */ = {
			isa = PBXProject;
			attributes = {
				BuildIndependentTargetsInParallel = 1;
				LastSwiftUpdateCheck = 1500;
				LastUpgradeCheck = 1500;
				TargetAttributes = {
					2287EDB62B1774F900315216 = {
						CreatedOnToolsVersion = 15.0.1;
					};
					2287EDC62B1774FA00315216 = {
						CreatedOnToolsVersion = 15.0.1;
						TestTargetID = 2287EDB62B1774F900315216;
					};
					2287EDD02B1774FA00315216 = {
						CreatedOnToolsVersion = 15.0.1;
						TestTargetID = 2287EDB62B1774F900315216;
					};
					2287EDE72B17752500315216 = {
						CreatedOnToolsVersion = 15.0.1;
					};
					22C5F7582B1E02EB000F0E37 = {
						CreatedOnToolsVersion = 15.0.1;
					};
				};
			};
			buildConfigurationList = 2287EDB22B1774F900315216 /* Build configuration list for PBXProject "CountDownDate" */;
			compatibilityVersion = "Xcode 14.0";
			developmentRegion = en;
			hasScannedForEncodings = 0;
			knownRegions = (
				en,
				Base,
			);
			mainGroup = 2287EDAE2B1774F900315216;
			productRefGroup = 2287EDB82B1774F900315216 /* Products */;
			projectDirPath = "";
			projectRoot = "";
			targets = (
				2287EDB62B1774F900315216 /* CountDownDate */,
				2287EDC62B1774FA00315216 /* CountDownDateTests */,
				2287EDD02B1774FA00315216 /* CountDownDateUITests */,
				2287EDE72B17752500315216 /* CountDownDateWidgetExtension */,
				22C5F7582B1E02EB000F0E37 /* CountDownDateCustomizeWidgetExtension */,
			);
		};
/* End PBXProject section */

/* Begin PBXResourcesBuildPhase section */
		2287EDB52B1774F900315216 /* Resources */ = {
			isa = PBXResourcesBuildPhase;
			buildActionMask = 2147483647;
			files = (
				2287EDC22B1774FA00315216 /* Preview Assets.xcassets in Resources */,
				2287EDBF2B1774FA00315216 /* Assets.xcassets in Resources */,
			);
			runOnlyForDeploymentPostprocessing = 0;
		};
		2287EDC52B1774FA00315216 /* Resources */ = {
			isa = PBXResourcesBuildPhase;
			buildActionMask = 2147483647;
			files = (
			);
			runOnlyForDeploymentPostprocessing = 0;
		};
		2287EDCF2B1774FA00315216 /* Resources */ = {
			isa = PBXResourcesBuildPhase;
			buildActionMask = 2147483647;
			files = (
			);
			runOnlyForDeploymentPostprocessing = 0;
		};
		2287EDE62B17752500315216 /* Resources */ = {
			isa = PBXResourcesBuildPhase;
			buildActionMask = 2147483647;
			files = (
				2287EDF42B17752600315216 /* Assets.xcassets in Resources */,
			);
			runOnlyForDeploymentPostprocessing = 0;
		};
		22C5F7572B1E02EB000F0E37 /* Resources */ = {
			isa = PBXResourcesBuildPhase;
			buildActionMask = 2147483647;
			files = (
				22C5F7622B1E02EC000F0E37 /* Assets.xcassets in Resources */,
			);
			runOnlyForDeploymentPostprocessing = 0;
		};
/* End PBXResourcesBuildPhase section */

/* Begin PBXSourcesBuildPhase section */
		2287EDB32B1774F900315216 /* Sources */ = {
			isa = PBXSourcesBuildPhase;
			buildActionMask = 2147483647;
			files = (
				2287EDBD2B1774F900315216 /* ContentView.swift in Sources */,
				2287EDBB2B1774F900315216 /* CountDownDateApp.swift in Sources */,
				22CFEECE2B1C79EF008B7949 /* CountDownBarView.swift in Sources */,
				225E34282B1AE9140051F5FC /* HomePage.swift in Sources */,
			);
			runOnlyForDeploymentPostprocessing = 0;
		};
		2287EDC32B1774FA00315216 /* Sources */ = {
			isa = PBXSourcesBuildPhase;
			buildActionMask = 2147483647;
			files = (
				2287EDCC2B1774FA00315216 /* CountDownDateTests.swift in Sources */,
			);
			runOnlyForDeploymentPostprocessing = 0;
		};
		2287EDCD2B1774FA00315216 /* Sources */ = {
			isa = PBXSourcesBuildPhase;
			buildActionMask = 2147483647;
			files = (
				2287EDD82B1774FA00315216 /* CountDownDateUITestsLaunchTests.swift in Sources */,
				2287EDD62B1774FA00315216 /* CountDownDateUITests.swift in Sources */,
			);
			runOnlyForDeploymentPostprocessing = 0;
		};
		2287EDE42B17752500315216 /* Sources */ = {
			isa = PBXSourcesBuildPhase;
			buildActionMask = 2147483647;
			files = (
				2287EDF02B17752500315216 /* CountDownDateWidgetBundle.swift in Sources */,
				2287EDF22B17752500315216 /* CountDownDateWidget.swift in Sources */,
				22CFEECF2B1C79EF008B7949 /* CountDownBarView.swift in Sources */,
				225E34292B1AE9140051F5FC /* HomePage.swift in Sources */,
			);
			runOnlyForDeploymentPostprocessing = 0;
		};
		22C5F7552B1E02EB000F0E37 /* Sources */ = {
			isa = PBXSourcesBuildPhase;
			buildActionMask = 2147483647;
			files = (
				22C5F75E2B1E02EB000F0E37 /* CountDownDateCustomizeWidgetBundle.swift in Sources */,
				22C5F7602B1E02EB000F0E37 /* CountDownDateCustomizeWidget.swift in Sources */,
			);
			runOnlyForDeploymentPostprocessing = 0;
		};
/* End PBXSourcesBuildPhase section */

/* Begin PBXTargetDependency section */
		2287EDC92B1774FA00315216 /* PBXTargetDependency */ = {
			isa = PBXTargetDependency;
			target = 2287EDB62B1774F900315216 /* CountDownDate */;
			targetProxy = 2287EDC82B1774FA00315216 /* PBXContainerItemProxy */;
		};
		2287EDD32B1774FA00315216 /* PBXTargetDependency */ = {
			isa = PBXTargetDependency;
			target = 2287EDB62B1774F900315216 /* CountDownDate */;
			targetProxy = 2287EDD22B1774FA00315216 /* PBXContainerItemProxy */;
		};
		2287EDF72B17752600315216 /* PBXTargetDependency */ = {
			isa = PBXTargetDependency;
			target = 2287EDE72B17752500315216 /* CountDownDateWidgetExtension */;
			targetProxy = 2287EDF62B17752600315216 /* PBXContainerItemProxy */;
		};
		22C5F7652B1E02EC000F0E37 /* PBXTargetDependency */ = {
			isa = PBXTargetDependency;
			target = 22C5F7582B1E02EB000F0E37 /* CountDownDateCustomizeWidgetExtension */;
			targetProxy = 22C5F7642B1E02EC000F0E37 /* PBXContainerItemProxy */;
		};
/* End PBXTargetDependency section */

/* Begin XCBuildConfiguration section */
		2287EDD92B1774FA00315216 /* Debug */ = {
			isa = XCBuildConfiguration;
			buildSettings = {
				ALWAYS_SEARCH_USER_PATHS = NO;
				ASSETCATALOG_COMPILER_GENERATE_SWIFT_ASSET_SYMBOL_EXTENSIONS = YES;
				CLANG_ANALYZER_NONNULL = YES;
				CLANG_ANALYZER_NUMBER_OBJECT_CONVERSION = YES_AGGRESSIVE;
				CLANG_CXX_LANGUAGE_STANDARD = "gnu++20";
				CLANG_ENABLE_MODULES = YES;
				CLANG_ENABLE_OBJC_ARC = YES;
				CLANG_ENABLE_OBJC_WEAK = YES;
				CLANG_WARN_BLOCK_CAPTURE_AUTORELEASING = YES;
				CLANG_WARN_BOOL_CONVERSION = YES;
				CLANG_WARN_COMMA = YES;
				CLANG_WARN_CONSTANT_CONVERSION = YES;
				CLANG_WARN_DEPRECATED_OBJC_IMPLEMENTATIONS = YES;
				CLANG_WARN_DIRECT_OBJC_ISA_USAGE = YES_ERROR;
				CLANG_WARN_DOCUMENTATION_COMMENTS = YES;
				CLANG_WARN_EMPTY_BODY = YES;
				CLANG_WARN_ENUM_CONVERSION = YES;
				CLANG_WARN_INFINITE_RECURSION = YES;
				CLANG_WARN_INT_CONVERSION = YES;
				CLANG_WARN_NON_LITERAL_NULL_CONVERSION = YES;
				CLANG_WARN_OBJC_IMPLICIT_RETAIN_SELF = YES;
				CLANG_WARN_OBJC_LITERAL_CONVERSION = YES;
				CLANG_WARN_OBJC_ROOT_CLASS = YES_ERROR;
				CLANG_WARN_QUOTED_INCLUDE_IN_FRAMEWORK_HEADER = YES;
				CLANG_WARN_RANGE_LOOP_ANALYSIS = YES;
				CLANG_WARN_STRICT_PROTOTYPES = YES;
				CLANG_WARN_SUSPICIOUS_MOVE = YES;
				CLANG_WARN_UNGUARDED_AVAILABILITY = YES_AGGRESSIVE;
				CLANG_WARN_UNREACHABLE_CODE = YES;
				CLANG_WARN__DUPLICATE_METHOD_MATCH = YES;
				COPY_PHASE_STRIP = NO;
				DEBUG_INFORMATION_FORMAT = dwarf;
				ENABLE_STRICT_OBJC_MSGSEND = YES;
				ENABLE_TESTABILITY = YES;
				ENABLE_USER_SCRIPT_SANDBOXING = YES;
				GCC_C_LANGUAGE_STANDARD = gnu17;
				GCC_DYNAMIC_NO_PIC = NO;
				GCC_NO_COMMON_BLOCKS = YES;
				GCC_OPTIMIZATION_LEVEL = 0;
				GCC_PREPROCESSOR_DEFINITIONS = (
					"DEBUG=1",
					"$(inherited)",
				);
				GCC_WARN_64_TO_32_BIT_CONVERSION = YES;
				GCC_WARN_ABOUT_RETURN_TYPE = YES_ERROR;
				GCC_WARN_UNDECLARED_SELECTOR = YES;
				GCC_WARN_UNINITIALIZED_AUTOS = YES_AGGRESSIVE;
				GCC_WARN_UNUSED_FUNCTION = YES;
				GCC_WARN_UNUSED_VARIABLE = YES;
				IPHONEOS_DEPLOYMENT_TARGET = 17.0;
				LOCALIZATION_PREFERS_STRING_CATALOGS = YES;
				MTL_ENABLE_DEBUG_INFO = INCLUDE_SOURCE;
				MTL_FAST_MATH = YES;
				ONLY_ACTIVE_ARCH = YES;
				SDKROOT = iphoneos;
				SWIFT_ACTIVE_COMPILATION_CONDITIONS = "DEBUG $(inherited)";
				SWIFT_OPTIMIZATION_LEVEL = "-Onone";
			};
			name = Debug;
		};
		2287EDDA2B1774FA00315216 /* Release */ = {
			isa = XCBuildConfiguration;
			buildSettings = {
				ALWAYS_SEARCH_USER_PATHS = NO;
				ASSETCATALOG_COMPILER_GENERATE_SWIFT_ASSET_SYMBOL_EXTENSIONS = YES;
				CLANG_ANALYZER_NONNULL = YES;
				CLANG_ANALYZER_NUMBER_OBJECT_CONVERSION = YES_AGGRESSIVE;
				CLANG_CXX_LANGUAGE_STANDARD = "gnu++20";
				CLANG_ENABLE_MODULES = YES;
				CLANG_ENABLE_OBJC_ARC = YES;
				CLANG_ENABLE_OBJC_WEAK = YES;
				CLANG_WARN_BLOCK_CAPTURE_AUTORELEASING = YES;
				CLANG_WARN_BOOL_CONVERSION = YES;
				CLANG_WARN_COMMA = YES;
				CLANG_WARN_CONSTANT_CONVERSION = YES;
				CLANG_WARN_DEPRECATED_OBJC_IMPLEMENTATIONS = YES;
				CLANG_WARN_DIRECT_OBJC_ISA_USAGE = YES_ERROR;
				CLANG_WARN_DOCUMENTATION_COMMENTS = YES;
				CLANG_WARN_EMPTY_BODY = YES;
				CLANG_WARN_ENUM_CONVERSION = YES;
				CLANG_WARN_INFINITE_RECURSION = YES;
				CLANG_WARN_INT_CONVERSION = YES;
				CLANG_WARN_NON_LITERAL_NULL_CONVERSION = YES;
				CLANG_WARN_OBJC_IMPLICIT_RETAIN_SELF = YES;
				CLANG_WARN_OBJC_LITERAL_CONVERSION = YES;
				CLANG_WARN_OBJC_ROOT_CLASS = YES_ERROR;
				CLANG_WARN_QUOTED_INCLUDE_IN_FRAMEWORK_HEADER = YES;
				CLANG_WARN_RANGE_LOOP_ANALYSIS = YES;
				CLANG_WARN_STRICT_PROTOTYPES = YES;
				CLANG_WARN_SUSPICIOUS_MOVE = YES;
				CLANG_WARN_UNGUARDED_AVAILABILITY = YES_AGGRESSIVE;
				CLANG_WARN_UNREACHABLE_CODE = YES;
				CLANG_WARN__DUPLICATE_METHOD_MATCH = YES;
				COPY_PHASE_STRIP = NO;
				DEBUG_INFORMATION_FORMAT = "dwarf-with-dsym";
				ENABLE_NS_ASSERTIONS = NO;
				ENABLE_STRICT_OBJC_MSGSEND = YES;
				ENABLE_USER_SCRIPT_SANDBOXING = YES;
				GCC_C_LANGUAGE_STANDARD = gnu17;
				GCC_NO_COMMON_BLOCKS = YES;
				GCC_WARN_64_TO_32_BIT_CONVERSION = YES;
				GCC_WARN_ABOUT_RETURN_TYPE = YES_ERROR;
				GCC_WARN_UNDECLARED_SELECTOR = YES;
				GCC_WARN_UNINITIALIZED_AUTOS = YES_AGGRESSIVE;
				GCC_WARN_UNUSED_FUNCTION = YES;
				GCC_WARN_UNUSED_VARIABLE = YES;
				IPHONEOS_DEPLOYMENT_TARGET = 17.0;
				LOCALIZATION_PREFERS_STRING_CATALOGS = YES;
				MTL_ENABLE_DEBUG_INFO = NO;
				MTL_FAST_MATH = YES;
				SDKROOT = iphoneos;
				SWIFT_COMPILATION_MODE = wholemodule;
				VALIDATE_PRODUCT = YES;
			};
			name = Release;
		};
		2287EDDC2B1774FA00315216 /* Debug */ = {
			isa = XCBuildConfiguration;
			buildSettings = {
				ALWAYS_EMBED_SWIFT_STANDARD_LIBRARIES = YES;
				ASSETCATALOG_COMPILER_APPICON_NAME = AppIcon;
				ASSETCATALOG_COMPILER_GLOBAL_ACCENT_COLOR_NAME = AccentColor;
				CODE_SIGN_ENTITLEMENTS = CountDownDate/CountDownDate.entitlements;
				CODE_SIGN_STYLE = Automatic;
				CURRENT_PROJECT_VERSION = 1;
				DEVELOPMENT_ASSET_PATHS = "\"CountDownDate/Preview Content\"";
				DEVELOPMENT_TEAM = GM583TGZB5;
				ENABLE_PREVIEWS = YES;
				GENERATE_INFOPLIST_FILE = YES;
				INFOPLIST_FILE = CountDownDate/Info.plist;
				INFOPLIST_KEY_CFBundleDisplayName = "阿北倒數";
				INFOPLIST_KEY_UIApplicationSceneManifest_Generation = YES;
				INFOPLIST_KEY_UIApplicationSupportsIndirectInputEvents = YES;
				INFOPLIST_KEY_UILaunchScreen_Generation = YES;
				INFOPLIST_KEY_UISupportedInterfaceOrientations_iPad = "UIInterfaceOrientationPortrait UIInterfaceOrientationPortraitUpsideDown";
				INFOPLIST_KEY_UISupportedInterfaceOrientations_iPhone = UIInterfaceOrientationPortrait;
				LD_RUNPATH_SEARCH_PATHS = (
					"$(inherited)",
					"@executable_path/Frameworks",
				);
				MARKETING_VERSION = 1.1;
				PRODUCT_BUNDLE_IDENTIFIER = Sam.CountDownDate;
				PRODUCT_NAME = "$(TARGET_NAME)";
				SUPPORTED_PLATFORMS = "iphoneos iphonesimulator";
				SUPPORTS_MACCATALYST = NO;
				SUPPORTS_MAC_DESIGNED_FOR_IPHONE_IPAD = YES;
				SWIFT_EMIT_LOC_STRINGS = YES;
				SWIFT_VERSION = 5.0;
				TARGETED_DEVICE_FAMILY = "1,2";
			};
			name = Debug;
		};
		2287EDDD2B1774FA00315216 /* Release */ = {
			isa = XCBuildConfiguration;
			buildSettings = {
				ALWAYS_EMBED_SWIFT_STANDARD_LIBRARIES = YES;
				ASSETCATALOG_COMPILER_APPICON_NAME = AppIcon;
				ASSETCATALOG_COMPILER_GLOBAL_ACCENT_COLOR_NAME = AccentColor;
				CODE_SIGN_ENTITLEMENTS = CountDownDate/CountDownDate.entitlements;
				CODE_SIGN_STYLE = Automatic;
				CURRENT_PROJECT_VERSION = 1;
				DEVELOPMENT_ASSET_PATHS = "\"CountDownDate/Preview Content\"";
				DEVELOPMENT_TEAM = GM583TGZB5;
				ENABLE_PREVIEWS = YES;
				GENERATE_INFOPLIST_FILE = YES;
				INFOPLIST_FILE = CountDownDate/Info.plist;
				INFOPLIST_KEY_CFBundleDisplayName = "阿北倒數";
				INFOPLIST_KEY_UIApplicationSceneManifest_Generation = YES;
				INFOPLIST_KEY_UIApplicationSupportsIndirectInputEvents = YES;
				INFOPLIST_KEY_UILaunchScreen_Generation = YES;
				INFOPLIST_KEY_UISupportedInterfaceOrientations_iPad = "UIInterfaceOrientationPortrait UIInterfaceOrientationPortraitUpsideDown";
				INFOPLIST_KEY_UISupportedInterfaceOrientations_iPhone = UIInterfaceOrientationPortrait;
				LD_RUNPATH_SEARCH_PATHS = (
					"$(inherited)",
					"@executable_path/Frameworks",
				);
				MARKETING_VERSION = 1.1;
				PRODUCT_BUNDLE_IDENTIFIER = Sam.CountDownDate;
				PRODUCT_NAME = "$(TARGET_NAME)";
				SUPPORTED_PLATFORMS = "iphoneos iphonesimulator";
				SUPPORTS_MACCATALYST = NO;
				SUPPORTS_MAC_DESIGNED_FOR_IPHONE_IPAD = YES;
				SWIFT_EMIT_LOC_STRINGS = YES;
				SWIFT_VERSION = 5.0;
				TARGETED_DEVICE_FAMILY = "1,2";
			};
			name = Release;
		};
		2287EDDF2B1774FA00315216 /* Debug */ = {
			isa = XCBuildConfiguration;
			buildSettings = {
				ALWAYS_EMBED_SWIFT_STANDARD_LIBRARIES = YES;
				BUNDLE_LOADER = "$(TEST_HOST)";
				CODE_SIGN_STYLE = Automatic;
				CURRENT_PROJECT_VERSION = 1;
				DEVELOPMENT_TEAM = GM583TGZB5;
				GENERATE_INFOPLIST_FILE = YES;
				IPHONEOS_DEPLOYMENT_TARGET = 17.0;
				MARKETING_VERSION = 1.0;
				PRODUCT_BUNDLE_IDENTIFIER = Sam.CountDownDateTests;
				PRODUCT_NAME = "$(TARGET_NAME)";
				SWIFT_EMIT_LOC_STRINGS = NO;
				SWIFT_VERSION = 5.0;
				TARGETED_DEVICE_FAMILY = "1,2";
				TEST_HOST = "$(BUILT_PRODUCTS_DIR)/CountDownDate.app/$(BUNDLE_EXECUTABLE_FOLDER_PATH)/CountDownDate";
			};
			name = Debug;
		};
		2287EDE02B1774FA00315216 /* Release */ = {
			isa = XCBuildConfiguration;
			buildSettings = {
				ALWAYS_EMBED_SWIFT_STANDARD_LIBRARIES = YES;
				BUNDLE_LOADER = "$(TEST_HOST)";
				CODE_SIGN_STYLE = Automatic;
				CURRENT_PROJECT_VERSION = 1;
				DEVELOPMENT_TEAM = GM583TGZB5;
				GENERATE_INFOPLIST_FILE = YES;
				IPHONEOS_DEPLOYMENT_TARGET = 17.0;
				MARKETING_VERSION = 1.0;
				PRODUCT_BUNDLE_IDENTIFIER = Sam.CountDownDateTests;
				PRODUCT_NAME = "$(TARGET_NAME)";
				SWIFT_EMIT_LOC_STRINGS = NO;
				SWIFT_VERSION = 5.0;
				TARGETED_DEVICE_FAMILY = "1,2";
				TEST_HOST = "$(BUILT_PRODUCTS_DIR)/CountDownDate.app/$(BUNDLE_EXECUTABLE_FOLDER_PATH)/CountDownDate";
			};
			name = Release;
		};
		2287EDE22B1774FA00315216 /* Debug */ = {
			isa = XCBuildConfiguration;
			buildSettings = {
				ALWAYS_EMBED_SWIFT_STANDARD_LIBRARIES = YES;
				CODE_SIGN_STYLE = Automatic;
				CURRENT_PROJECT_VERSION = 1;
				DEVELOPMENT_TEAM = GM583TGZB5;
				GENERATE_INFOPLIST_FILE = YES;
				MARKETING_VERSION = 1.0;
				PRODUCT_BUNDLE_IDENTIFIER = Sam.CountDownDateUITests;
				PRODUCT_NAME = "$(TARGET_NAME)";
				SWIFT_EMIT_LOC_STRINGS = NO;
				SWIFT_VERSION = 5.0;
				TARGETED_DEVICE_FAMILY = "1,2";
				TEST_TARGET_NAME = CountDownDate;
			};
			name = Debug;
		};
		2287EDE32B1774FA00315216 /* Release */ = {
			isa = XCBuildConfiguration;
			buildSettings = {
				ALWAYS_EMBED_SWIFT_STANDARD_LIBRARIES = YES;
				CODE_SIGN_STYLE = Automatic;
				CURRENT_PROJECT_VERSION = 1;
				DEVELOPMENT_TEAM = GM583TGZB5;
				GENERATE_INFOPLIST_FILE = YES;
				MARKETING_VERSION = 1.0;
				PRODUCT_BUNDLE_IDENTIFIER = Sam.CountDownDateUITests;
				PRODUCT_NAME = "$(TARGET_NAME)";
				SWIFT_EMIT_LOC_STRINGS = NO;
				SWIFT_VERSION = 5.0;
				TARGETED_DEVICE_FAMILY = "1,2";
				TEST_TARGET_NAME = CountDownDate;
			};
			name = Release;
		};
		2287EDFA2B17752600315216 /* Debug */ = {
			isa = XCBuildConfiguration;
			buildSettings = {
				ASSETCATALOG_COMPILER_GLOBAL_ACCENT_COLOR_NAME = AccentColor;
				ASSETCATALOG_COMPILER_WIDGET_BACKGROUND_COLOR_NAME = WidgetBackground;
				CODE_SIGN_ENTITLEMENTS = CountDownDateWidgetExtension.entitlements;
				CODE_SIGN_STYLE = Automatic;
				CURRENT_PROJECT_VERSION = 1;
				DEVELOPMENT_TEAM = GM583TGZB5;
				GENERATE_INFOPLIST_FILE = YES;
				INFOPLIST_FILE = CountDownDateWidget/Info.plist;
				INFOPLIST_KEY_CFBundleDisplayName = CountDownDateWidget;
				INFOPLIST_KEY_NSHumanReadableCopyright = "";
				LD_RUNPATH_SEARCH_PATHS = (
					"$(inherited)",
					"@executable_path/Frameworks",
					"@executable_path/../../Frameworks",
				);
				MARKETING_VERSION = 1.0;
				PRODUCT_BUNDLE_IDENTIFIER = Sam.CountDownDate.CountDownDateWidget;
				PRODUCT_NAME = "$(TARGET_NAME)";
				SKIP_INSTALL = YES;
				SWIFT_EMIT_LOC_STRINGS = YES;
				SWIFT_VERSION = 5.0;
				TARGETED_DEVICE_FAMILY = "1,2";
			};
			name = Debug;
		};
		2287EDFB2B17752600315216 /* Release */ = {
			isa = XCBuildConfiguration;
			buildSettings = {
				ASSETCATALOG_COMPILER_GLOBAL_ACCENT_COLOR_NAME = AccentColor;
				ASSETCATALOG_COMPILER_WIDGET_BACKGROUND_COLOR_NAME = WidgetBackground;
				CODE_SIGN_ENTITLEMENTS = CountDownDateWidgetExtension.entitlements;
				CODE_SIGN_STYLE = Automatic;
				CURRENT_PROJECT_VERSION = 1;
				DEVELOPMENT_TEAM = GM583TGZB5;
				GENERATE_INFOPLIST_FILE = YES;
				INFOPLIST_FILE = CountDownDateWidget/Info.plist;
				INFOPLIST_KEY_CFBundleDisplayName = CountDownDateWidget;
				INFOPLIST_KEY_NSHumanReadableCopyright = "";
				LD_RUNPATH_SEARCH_PATHS = (
					"$(inherited)",
					"@executable_path/Frameworks",
					"@executable_path/../../Frameworks",
				);
				MARKETING_VERSION = 1.0;
				PRODUCT_BUNDLE_IDENTIFIER = Sam.CountDownDate.CountDownDateWidget;
				PRODUCT_NAME = "$(TARGET_NAME)";
				SKIP_INSTALL = YES;
				SWIFT_EMIT_LOC_STRINGS = YES;
				SWIFT_VERSION = 5.0;
				TARGETED_DEVICE_FAMILY = "1,2";
			};
			name = Release;
		};
		22C5F7682B1E02EC000F0E37 /* Debug */ = {
			isa = XCBuildConfiguration;
			buildSettings = {
				ASSETCATALOG_COMPILER_GLOBAL_ACCENT_COLOR_NAME = AccentColor;
				ASSETCATALOG_COMPILER_WIDGET_BACKGROUND_COLOR_NAME = WidgetBackground;
				CODE_SIGN_ENTITLEMENTS = CountDownDateCustomizeWidgetExtension.entitlements;
				CODE_SIGN_STYLE = Automatic;
				CURRENT_PROJECT_VERSION = 1;
				DEVELOPMENT_TEAM = GM583TGZB5;
				GENERATE_INFOPLIST_FILE = YES;
				INFOPLIST_FILE = CountDownDateCustomizeWidget/Info.plist;
				INFOPLIST_KEY_CFBundleDisplayName = CountDownDateCustomizeWidget1;
				INFOPLIST_KEY_LSApplicationCategoryType = "";
				INFOPLIST_KEY_NSHumanReadableCopyright = "";
				LD_RUNPATH_SEARCH_PATHS = (
					"$(inherited)",
					"@executable_path/Frameworks",
					"@executable_path/../../Frameworks",
				);
				MARKETING_VERSION = 1.0;
				PRODUCT_BUNDLE_IDENTIFIER = Sam.CountDownDate.CountDownDateCustomizeWidget;
				PRODUCT_NAME = "$(TARGET_NAME)";
				SKIP_INSTALL = YES;
				SWIFT_EMIT_LOC_STRINGS = YES;
				SWIFT_VERSION = 5.0;
				TARGETED_DEVICE_FAMILY = "1,2";
			};
			name = Debug;
		};
		22C5F7692B1E02EC000F0E37 /* Release */ = {
			isa = XCBuildConfiguration;
			buildSettings = {
				ASSETCATALOG_COMPILER_GLOBAL_ACCENT_COLOR_NAME = AccentColor;
				ASSETCATALOG_COMPILER_WIDGET_BACKGROUND_COLOR_NAME = WidgetBackground;
				CODE_SIGN_ENTITLEMENTS = CountDownDateCustomizeWidgetExtension.entitlements;
				CODE_SIGN_STYLE = Automatic;
				CURRENT_PROJECT_VERSION = 1;
				DEVELOPMENT_TEAM = GM583TGZB5;
				GENERATE_INFOPLIST_FILE = YES;
				INFOPLIST_FILE = CountDownDateCustomizeWidget/Info.plist;
				INFOPLIST_KEY_CFBundleDisplayName = CountDownDateCustomizeWidget1;
				INFOPLIST_KEY_LSApplicationCategoryType = "";
				INFOPLIST_KEY_NSHumanReadableCopyright = "";
				LD_RUNPATH_SEARCH_PATHS = (
					"$(inherited)",
					"@executable_path/Frameworks",
					"@executable_path/../../Frameworks",
				);
				MARKETING_VERSION = 1.0;
				PRODUCT_BUNDLE_IDENTIFIER = Sam.CountDownDate.CountDownDateCustomizeWidget;
				PRODUCT_NAME = "$(TARGET_NAME)";
				SKIP_INSTALL = YES;
				SWIFT_EMIT_LOC_STRINGS = YES;
				SWIFT_VERSION = 5.0;
				TARGETED_DEVICE_FAMILY = "1,2";
			};
			name = Release;
		};
/* End XCBuildConfiguration section */

/* Begin XCConfigurationList section */
		2287EDB22B1774F900315216 /* Build configuration list for PBXProject "CountDownDate" */ = {
			isa = XCConfigurationList;
			buildConfigurations = (
				2287EDD92B1774FA00315216 /* Debug */,
				2287EDDA2B1774FA00315216 /* Release */,
			);
			defaultConfigurationIsVisible = 0;
			defaultConfigurationName = Release;
		};
		2287EDDB2B1774FA00315216 /* Build configuration list for PBXNativeTarget "CountDownDate" */ = {
			isa = XCConfigurationList;
			buildConfigurations = (
				2287EDDC2B1774FA00315216 /* Debug */,
				2287EDDD2B1774FA00315216 /* Release */,
			);
			defaultConfigurationIsVisible = 0;
			defaultConfigurationName = Release;
		};
		2287EDDE2B1774FA00315216 /* Build configuration list for PBXNativeTarget "CountDownDateTests" */ = {
			isa = XCConfigurationList;
			buildConfigurations = (
				2287EDDF2B1774FA00315216 /* Debug */,
				2287EDE02B1774FA00315216 /* Release */,
			);
			defaultConfigurationIsVisible = 0;
			defaultConfigurationName = Release;
		};
		2287EDE12B1774FA00315216 /* Build configuration list for PBXNativeTarget "CountDownDateUITests" */ = {
			isa = XCConfigurationList;
			buildConfigurations = (
				2287EDE22B1774FA00315216 /* Debug */,
				2287EDE32B1774FA00315216 /* Release */,
			);
			defaultConfigurationIsVisible = 0;
			defaultConfigurationName = Release;
		};
		2287EDF92B17752600315216 /* Build configuration list for PBXNativeTarget "CountDownDateWidgetExtension" */ = {
			isa = XCConfigurationList;
			buildConfigurations = (
				2287EDFA2B17752600315216 /* Debug */,
				2287EDFB2B17752600315216 /* Release */,
			);
			defaultConfigurationIsVisible = 0;
			defaultConfigurationName = Release;
		};
		22C5F7672B1E02EC000F0E37 /* Build configuration list for PBXNativeTarget "CountDownDateCustomizeWidgetExtension" */ = {
			isa = XCConfigurationList;
			buildConfigurations = (
				22C5F7682B1E02EC000F0E37 /* Debug */,
				22C5F7692B1E02EC000F0E37 /* Release */,
			);
			defaultConfigurationIsVisible = 0;
			defaultConfigurationName = Release;
		};
/* End XCConfigurationList section */
	};
	rootObject = 2287EDAF2B1774F900315216 /* Project object */;
}
